
Microsoft Visual Studio Solution File, Format Version 12.00
# Visual Studio Version 17
VisualStudioVersion = 17.8.34330.188
MinimumVisualStudioVersion = 10.0.40219.1
Project("{FAE04EC0-301F-11D3-BF4B-00C04F79EFBC}") = "Rad301-Mock-Exam-2023-Console-App-S00227213", "Rad301-Mock-Exam-2023-Console-App-S00227213\Rad301-Mock-Exam-2023-Console-App-S00227213.csproj", "{46C3C138-C9B3-43AD-9A79-5E90E36C8A17}"
EndProject
Project("{FAE04EC0-301F-11D3-BF4B-00C04F79EFBC}") = "Rad301-Mock-Exam-2023-DataModel-S00227213", "Rad301-Mock-Exam-2023-DataModel-S00227213\Rad301-Mock-Exam-2023-DataModel-S00227213.csproj", "{556D5F21-6A4F-4761-875C-0D30579B95A1}"
EndProject
Project("{FAE04EC0-301F-11D3-BF4B-00C04F79EFBC}") = "RAD301-Mock-Exam-2023-MVC-App-S00227213", "RAD301-Mock-Exam-2023-MVC-App-S00227213\RAD301-Mock-Exam-2023-MVC-App-S00227213.csproj", "{4F582575-07B9-4FDF-BB11-F07C51C1164E}"
EndProject
Global
	GlobalSection(SolutionConfigurationPlatforms) = preSolution
		Debug|Any CPU = Debug|Any CPU
		Release|Any CPU = Release|Any CPU
	EndGlobalSection
	GlobalSection(ProjectConfigurationPlatforms) = postSolution
		{46C3C138-C9B3-43AD-9A79-5E90E36C8A17}.Debug|Any CPU.ActiveCfg = Debug|Any CPU
		{46C3C138-C9B3-43AD-9A79-5E90E36C8A17}.Debug|Any CPU.Build.0 = Debug|Any CPU
		{46C3C138-C9B3-43AD-9A79-5E90E36C8A17}.Release|Any CPU.ActiveCfg = Release|Any CPU
		{46C3C138-C9B3-43AD-9A79-5E90E36C8A17}.Release|Any CPU.Build.0 = Release|Any CPU
		{556D5F21-6A4F-4761-875C-0D30579B95A1}.Debug|Any CPU.ActiveCfg = Debug|Any CPU
		{556D5F21-6A4F-4761-875C-0D30579B95A1}.Debug|Any CPU.Build.0 = Debug|Any CPU
		{556D5F21-6A4F-4761-875C-0D30579B95A1}.Release|Any CPU.ActiveCfg = Release|Any CPU
		{556D5F21-6A4F-4761-875C-0D30579B95A1}.Release|Any CPU.Build.0 = Release|Any CPU
		{4F582575-07B9-4FDF-BB11-F07C51C1164E}.Debug|Any CPU.ActiveCfg = Debug|Any CPU
		{4F582575-07B9-4FDF-BB11-F07C51C1164E}.Debug|Any CPU.Build.0 = Debug|Any CPU
		{4F582575-07B9-4FDF-BB11-F07C51C1164E}.Release|Any CPU.ActiveCfg = Release|Any CPU
		{4F582575-07B9-4FDF-BB11-F07C51C1164E}.Release|Any CPU.Build.0 = Release|Any CPU
	EndGlobalSection
	GlobalSection(SolutionProperties) = preSolution
		HideSolutionNode = FALSE
	EndGlobalSection
	GlobalSection(ExtensibilityGlobals) = postSolution
		SolutionGuid = {011FDCC0-51BA-4678-8C5F-E4B592610341}
	EndGlobalSection
EndGlobal
